PODS:
  - AFNetworking (4.0.1):
    - AFNetworking/NSURLSession (= 4.0.1)
    - AFNetworking/Reachability (= 4.0.1)
    - AFNetworking/Security (= 4.0.1)
    - AFNetworking/Serialization (= 4.0.1)
    - AFNetworking/UIKit (= 4.0.1)
  - AFNetworking/NSURLSession (4.0.1):
    - AFNetworking/Reachability
    - AFNetworking/Security
    - AFNetworking/Serialization
  - AFNetworking/Reachability (4.0.1)
  - AFNetworking/Security (4.0.1)
  - AFNetworking/Serialization (4.0.1)
  - AFNetworking/UIKit (4.0.1):
    - AFNetworking/NSURLSession
  - Agora-Scene-Utils (1.1.0)
  - Agora_Chat_iOS (1.2.0)
  - AgoraCommon (0.0.1):
    - AgoraSyncManager
    - Bugly
    - KakaJSON
    - SSZipArchive
    - SVProgressHUD
    - SwiftyBeaver
    - YYCategories
    - YYModel
    - ZSwiftBaseLib
  - AgoraComponetLog (0.0.3)
  - AgoraHy (1.0.0)
  - AgoraLyricsScore (1.1.6.1):
    - AgoraComponetLog (~> 0.0.3)
    - Zip
  - AgoraRtcEngine_Special_iOS (4.3.2.2)
  - AgoraRtm (2.2.1)
  - AgoraSyncManager (2.1.6):
    - SocketRocket
  - AGResourceManager (0.1.0):
    - AFNetworking
    - SSZipArchive
  - AIChat (0.1.0):
    - AFNetworking
    - Agora_Chat_iOS
    - AgoraCommon
    - AgoraRtcEngine_Special_iOS
    - AGResourceManager
    - AUIKitCore/UI
    - KakaJSON
    - SDWebImage
    - SVProgressHUD
    - ZSwiftBaseLib
  - AudioScenarioApi (0.1.0):
    - AgoraRtcEngine_Special_iOS
  - AUIKitCore/UI (1.2.0):
    - AgoraLyricsScore (~> 1.1.6)
    - MJRefresh
    - ScoreEffectUI
    - SDWebImage (>= 5.0.0)
    - SwiftTheme
    - SwiftyBeaver (~> 1.9.5)
    - YYModel
  - Bugly (2.6.1)
  - bytedEffect (4.6.0)
  - CallAPI (2.1.0):
    - AgoraRtcEngine_Special_iOS
    - CallAPI/All (= 2.1.0)
  - CallAPI/All (2.1.0):
    - AgoraRtcEngine_Special_iOS
    - AgoraRtm (~> 2.2.0)
  - Cantata (0.1.0):
    - AgoraCommon
    - AgoraLyricsScore
    - AgoraRtcEngine_Special_iOS
    - AUIKitCore/UI
    - JXCategoryView
    - Masonry
    - MJRefresh
    - ScoreEffectUI
    - SDWebImage
    - SVProgressHUD
    - SwiftProtobuf
    - Zip
    - ZSwiftBaseLib
  - FLAnimatedImage (1.0.17)
  - fuLib (1.0):
    - FURenderKit
  - FURenderKit (8.11.1)
  - HXPhotoPicker/Camera/Lite (4.1.7):
    - HXPhotoPicker/Core
  - HXPhotoPicker/Core (4.1.7)
  - HXPhotoPicker/Editor/Lite (4.1.7):
    - HXPhotoPicker/EditorView/Lite
  - HXPhotoPicker/EditorView/Lite (4.1.7):
    - HXPhotoPicker/Core
  - HXPhotoPicker/Lite (4.1.7):
    - HXPhotoPicker/Camera/Lite
    - HXPhotoPicker/Editor/Lite
    - HXPhotoPicker/Picker/Lite
  - HXPhotoPicker/Picker/Lite (4.1.7):
    - HXPhotoPicker/Core
  - Joy (0.1.0):
    - AgoraCommon
    - AgoraRtcEngine_Special_iOS
    - AgoraSyncManager
    - RTMSyncManager
    - SDWebImage
    - SnapKit
    - SVProgressHUD
    - SwiftProtobuf (= 1.24.0)
    - SwiftyBeaver
    - YYCategories
    - YYModel
  - JXCategoryView (1.6.1)
  - KakaJSON (1.1.2)
  - LEEAlert (1.6.4)
  - Masonry (1.1.0)
  - MJRefresh (3.7.9)
  - Protobuf (3.22.1)
  - Pure1v1 (0.1.0):
    - AgoraCommon
    - AgoraSyncManager
    - AudioScenarioApi
    - CallAPI
    - FLAnimatedImage
    - RTMSyncManager
    - SDWebImage
    - SnapKit
    - SwiftyBeaver
    - YYCategories
    - YYModel
  - RTMSyncManager (0.1.0):
    - AgoraRtm (~> 2.2.0)
    - YYModel
  - ScoreEffectUI (1.0.2)
  - SDWebImage (5.0.6):
    - SDWebImage/Core (= 5.0.6)
  - SDWebImage/Core (5.0.6)
  - SenseLib (1.0)
  - ShowTo1v1 (0.1.0):
    - AgoraCommon
    - AgoraSyncManager
    - AudioScenarioApi
    - CallAPI
    - FLAnimatedImage
    - RTMSyncManager
    - SDWebImage
    - SnapKit
    - SwiftyBeaver
    - VideoLoaderAPI
    - YYCategories
    - YYModel
  - SnapKit (5.7.1)
  - SocketRocket (0.7.0)
  - SSZipArchive (2.4.3)
  - SVGAPlayer (2.5.7):
    - SVGAPlayer/Core (= 2.5.7)
    - SVGAPlayer/ProtoFiles (= 2.5.7)
  - SVGAPlayer/Core (2.5.7):
    - SSZipArchive (>= 1.8.1)
    - SVGAPlayer/ProtoFiles
  - SVGAPlayer/ProtoFiles (2.5.7):
    - Protobuf (~> 3.4)
  - SVProgressHUD (2.2.5)
  - SwiftProtobuf (1.24.0)
  - SwiftTheme (0.6.4)
  - SwiftyBeaver (1.9.5)
  - VideoLoaderAPI (0.1.3):
    - AgoraRtcEngine_Special_iOS
  - YYCategories (1.0.4):
    - YYCategories/no-arc (= 1.0.4)
  - YYCategories/no-arc (1.0.4)
  - YYModel (1.0.4)
  - Zip (2.1.2)
  - ZSwiftBaseLib (0.1.6.2)

DEPENDENCIES:
  - AFNetworking (= 4.0.1)
  - Agora-Scene-Utils (= 1.1.0)
  - Agora_Chat_iOS (= 1.2.0)
  - AgoraCommon (from `AgoraEntScenarios`)
  - AgoraHy (from `AgoraHy.podspec`)
  - AgoraLyricsScore (= 1.1.6.1)
  - AgoraRtcEngine_Special_iOS (= 4.3.2.2)
  - AgoraRtm (from `AgoraRtm.podspec`)
  - AgoraSyncManager (~> 2.1.6)
  - AGResourceManager (from `AgoraEntScenarios/Common/API/AGResourceManager`)
  - AIChat (from `AgoraEntScenarios/Common/API/AIChat`)
  - AudioScenarioApi (from `AgoraEntScenarios/Common/API/AudioScenarioApi`)
  - Bugly (= 2.6.1)
  - bytedEffect (from `bytedEffect.podspec`)
  - CallAPI (from `AgoraEntScenarios/Common/API/CallAPI`)
  - Cantata (from `AgoraEntScenarios/Scenes/Cantata`)
  - fuLib (from `fu.podspec`)
  - FURenderKit (from `FURenderKit.podspec`)
  - HXPhotoPicker/Lite (= 4.1.7)
  - Joy (from `AgoraEntScenarios/Scenes/Joy`)
  - JXCategoryView (= 1.6.1)
  - KakaJSON
  - LEEAlert (= 1.6.4)
  - Masonry (= 1.1.0)
  - MJRefresh
  - Protobuf (= 3.22.1)
  - Pure1v1 (from `AgoraEntScenarios/Scenes/Pure1v1`)
  - RTMSyncManager (from `AgoraEntScenarios/Common/API/RTMSyncManager`)
  - ScoreEffectUI (= 1.0.2)
  - SDWebImage (= 5.0.6)
  - SenseLib (from `sense.podspec`)
  - ShowTo1v1 (from `AgoraEntScenarios/Scenes/ShowTo1v1`)
  - SnapKit
  - SocketRocket (= 0.7.0)
  - SVGAPlayer
  - SVProgressHUD (= 2.2.5)
  - SwiftProtobuf
  - SwiftyBeaver (= 1.9.5)
  - VideoLoaderAPI (from `AgoraEntScenarios/Common/API/VideoLoaderAPI`)
  - YYCategories (= 1.0.4)
  - YYModel (= 1.0.4)
  - Zip
  - ZSwiftBaseLib (= 0.1.6.2)

SPEC REPOS:
  https://github.com/CocoaPods/Specs.git:
    - AFNetworking
    - Agora-Scene-Utils
    - Agora_Chat_iOS
    - AgoraComponetLog
    - AgoraLyricsScore
    - AgoraRtcEngine_Special_iOS
    - AgoraSyncManager
    - AUIKitCore
    - Bugly
    - FLAnimatedImage
    - HXPhotoPicker
    - JXCategoryView
    - KakaJSON
    - LEEAlert
    - Masonry
    - MJRefresh
    - Protobuf
    - ScoreEffectUI
    - SDWebImage
    - SnapKit
    - SocketRocket
    - SSZipArchive
    - SVGAPlayer
    - SVProgressHUD
    - SwiftProtobuf
    - SwiftTheme
    - SwiftyBeaver
    - YYCategories
    - YYModel
    - Zip
    - ZSwiftBaseLib

EXTERNAL SOURCES:
  AgoraCommon:
    :path: AgoraEntScenarios
  AgoraHy:
    :path: AgoraHy.podspec
  AgoraRtm:
    :path: AgoraRtm.podspec
  AGResourceManager:
    :path: AgoraEntScenarios/Common/API/AGResourceManager
  AIChat:
    :path: AgoraEntScenarios/Common/API/AIChat
  AudioScenarioApi:
    :path: AgoraEntScenarios/Common/API/AudioScenarioApi
  bytedEffect:
    :path: bytedEffect.podspec
  CallAPI:
    :path: AgoraEntScenarios/Common/API/CallAPI
  Cantata:
    :path: AgoraEntScenarios/Scenes/Cantata
  fuLib:
    :path: fu.podspec
  FURenderKit:
    :path: FURenderKit.podspec
  Joy:
    :path: AgoraEntScenarios/Scenes/Joy
  Pure1v1:
    :path: AgoraEntScenarios/Scenes/Pure1v1
  RTMSyncManager:
    :path: AgoraEntScenarios/Common/API/RTMSyncManager
  SenseLib:
    :path: sense.podspec
  ShowTo1v1:
    :path: AgoraEntScenarios/Scenes/ShowTo1v1
  VideoLoaderAPI:
    :path: AgoraEntScenarios/Common/API/VideoLoaderAPI

SPEC CHECKSUMS:
  AFNetworking: 3bd23d814e976cd148d7d44c3ab78017b744cd58
  Agora-Scene-Utils: 3f9b1c422cfdda4a7051cf4cffdd0cfef80c9c89
  Agora_Chat_iOS: e11aa75b290e5e8a6b90c1c73642ac1172a71b97
  AgoraCommon: a58ba94ab35c2318bd55687a398f84dcd354a476
  AgoraComponetLog: ba4ef4aebf89e52e99886fbd7a68b21748add78a
  AgoraHy: f0a3cfc7f6cf45f3362f88e30ebe559c2a0b30b5
  AgoraLyricsScore: 2f6b7a39bca061460efae0344f9c92a675250d1e
  AgoraRtcEngine_Special_iOS: 4f1a1d2f2e7b564735fd74ced733c76e33b5dc04
  AgoraRtm: a4463a736d3e892fdab49b2bc49692b1c85e0a99
  AgoraSyncManager: b483f264a363fc7cad7b747b22e39d96f21cbe64
  AGResourceManager: e6616ad4d9d0461c84d9582ef1118004fa534e5c
  AIChat: 7686c8e66310fd8ed74010081084f255da5f6f8c
  AudioScenarioApi: b2f4bed693b4ec7312c256073ab90e3feb9b6b5f
  AUIKitCore: d75c8ee614c89f00c75d4515c7f33dbdc76cb7d6
  Bugly: 217ac2ce5f0f2626d43dbaa4f70764c953a26a31
  bytedEffect: 3d51767425dcaa67d2d6162c402225764d3c2156
  CallAPI: 6534d95b948857d1acbd8fe193d3522e48362564
  Cantata: 91b91e2a56180df842876482e59b78ec0111e824
  FLAnimatedImage: bbf914596368867157cc71b38a8ec834b3eeb32b
  fuLib: 43b6990d34caa47e0f12a61db57fe9bd2372f584
  FURenderKit: f6e65256a551ca84848e2bfcce35ad2dd3b213ec
  HXPhotoPicker: 541da99aa88b8eb0b6222ddfe37cacbd06d73300
  Joy: 20168a64bfbd0c6053382991957335eb2d452576
  JXCategoryView: 7b1ee69ede4843c581688afe84d0f047723262f2
  KakaJSON: cc5ff50a8c1cfbb09413db8496cb709a209e6137
  LEEAlert: a604ad481e3e9b021421a271f78594926dd034bb
  Masonry: 678fab65091a9290e40e2832a55e7ab731aad201
  MJRefresh: ff9e531227924c84ce459338414550a05d2aea78
  Protobuf: d7f7c8329edf5eb8af65547a8ba3e9c1cee927d5
  Pure1v1: 2f7baf4576168c6bc57e53ad4cf322158730796e
  RTMSyncManager: 110b208a8bf57881decaef0e76891bdf5345ba21
  ScoreEffectUI: bf1195b4d41a73d43c236450b5d7f958989844aa
  SDWebImage: 920f1a2ff1ca8296ad34f6e0510a1ef1d70ac965
  SenseLib: 639e8a6feea273dbcb2340066f39d37bbd850e89
  ShowTo1v1: 2823b91c42feb179065ad7e2e65e357a6ba6cc49
  SnapKit: d612e99e678a2d3b95bf60b0705ed0a35c03484a
  SocketRocket: abac6f5de4d4d62d24e11868d7a2f427e0ef940d
  SSZipArchive: fe6a26b2a54d5a0890f2567b5cc6de5caa600aef
  SVGAPlayer: 318b85a78b61292d6ae9dfcd651f3f0d1cdadd86
  SVProgressHUD: 1428aafac632c1f86f62aa4243ec12008d7a51d6
  SwiftProtobuf: bcfd2bc231cf9ae552cdc7c4e877bd3b41fe57b1
  SwiftTheme: 007cbaf1f9e171caf6448a4657533e54c682b285
  SwiftyBeaver: 84069991dd5dca07d7069100985badaca7f0ce82
  VideoLoaderAPI: e42bcbf9c836297f0006d7a90068ffbf935c9acd
  YYCategories: 6bcd4314c6661a561410dce4a793379ebd306abd
  YYModel: 2a7fdd96aaa4b86a824e26d0c517de8928c04b30
  Zip: b3fef584b147b6e582b2256a9815c897d60ddc67
  ZSwiftBaseLib: f98409d55e9b590d90acf8aa8a2fa2099da69785

PODFILE CHECKSUM: 506075f720821a62ba845c638bd5707666c2763b

COCOAPODS: 1.15.2
